<Project Sdk="Microsoft.NET.Sdk">

  <PropertyGroup>
    <OutputType>WinExe</OutputType>
    <TargetFramework>net8.0-windows</TargetFramework>
	<UseWindowsForms>true</UseWindowsForms>
  </PropertyGroup>

  <ItemGroup>
    <Content Include="image\Group 906.png" />
    <Content Include="image\Group 916.png" />
    <Content Include="image\Group 940.png" />
    <Content Include="image\Vector 1 (1).png" />
    <Compile Include="Program.fs" />
  </ItemGroup>

  <ItemGroup />

</Project>

